PODS:
  - Alamofire (5.9.1)
  - IQKeyboardManagerSwift (7.0.2)
  - SDWebImage (5.19.1):
    - SDWebImage/Core (= 5.19.1)
  - SDWebImage/Core (5.19.1)
  - SwiftyJSON (5.0.2)

DEPENDENCIES:
  - Alamofire
  - IQKeyboardManagerSwift
  - SDWebImage
  - SwiftyJSON

SPEC REPOS:
  trunk:
    - Alamofire
    - IQKeyboardManagerSwift
    - SDWebImage
    - SwiftyJSON

SPEC CHECKSUMS:
  Alamofire: f36a35757af4587d8e4f4bfa223ad10be2422b8c
  IQKeyboardManagerSwift: d338c11a896e9f29603443700c4567e32f830c22
  SDWebImage: 40b0b4053e36c660a764958bff99eed16610acbb
  SwiftyJSON: f5b1bf1cd8dd53cd25887ac0eabcfd92301c6a5a

PODFILE CHECKSUM: 2f78dd26f56d8b170d7f6698cbafa7ce178957d9

COCOAPODS: 1.15.2
